
Microsoft Visual Studio Solution File, Format Version 12.00
# Visual Studio Version 16
VisualStudioVersion = 16.0.31005.135
MinimumVisualStudioVersion = 10.0.40219.1
Project("{FAE04EC0-301F-11D3-BF4B-00C04F79EFBC}") = "YANENAVIZYETYLABY", "YANENAVIZYETYLABY\YANENAVIZYETYLABY.csproj", "{0BAB6DE9-0FC5-4EBF-B4A0-200F528CC39F}"
EndProject
Global
	GlobalSection(SolutionConfigurationPlatforms) = preSolution
		Debug|Any CPU = Debug|Any CPU
		Release|Any CPU = Release|Any CPU
	EndGlobalSection
	GlobalSection(ProjectConfigurationPlatforms) = postSolution
		{0BAB6DE9-0FC5-4EBF-B4A0-200F528CC39F}.Debug|Any CPU.ActiveCfg = Debug|Any CPU
		{0BAB6DE9-0FC5-4EBF-B4A0-200F528CC39F}.Debug|Any CPU.Build.0 = Debug|Any CPU
		{0BAB6DE9-0FC5-4EBF-B4A0-200F528CC39F}.Release|Any CPU.ActiveCfg = Release|Any CPU
		{0BAB6DE9-0FC5-4EBF-B4A0-200F528CC39F}.Release|Any CPU.Build.0 = Release|Any CPU
	EndGlobalSection
	GlobalSection(SolutionProperties) = preSolution
		HideSolutionNode = FALSE
	EndGlobalSection
	GlobalSection(ExtensibilityGlobals) = postSolution
		SolutionGuid = {8AC1829F-C6DA-47D3-84B1-9D285AA55F0E}
	EndGlobalSection
EndGlobal
